
Microsoft Visual Studio Solution File, Format Version 12.00
# Visual Studio Version 16
VisualStudioVersion = 16.0.31613.86
MinimumVisualStudioVersion = 10.0.40219.1
Project("{FAE04EC0-301F-11D3-BF4B-00C04F79EFBC}") = "FactorialNumber", "FactorialNumber.csproj", "{D9EB3B41-9611-49AD-8235-5353F0E49A57}"
EndProject
Global
	GlobalSection(SolutionConfigurationPlatforms) = preSolution
		Debug|Any CPU = Debug|Any CPU
		Release|Any CPU = Release|Any CPU
	EndGlobalSection
	GlobalSection(ProjectConfigurationPlatforms) = postSolution
		{D9EB3B41-9611-49AD-8235-5353F0E49A57}.Debug|Any CPU.ActiveCfg = Debug|Any CPU
		{D9EB3B41-9611-49AD-8235-5353F0E49A57}.Debug|Any CPU.Build.0 = Debug|Any CPU
		{D9EB3B41-9611-49AD-8235-5353F0E49A57}.Release|Any CPU.ActiveCfg = Release|Any CPU
		{D9EB3B41-9611-49AD-8235-5353F0E49A57}.Release|Any CPU.Build.0 = Release|Any CPU
	EndGlobalSection
	GlobalSection(SolutionProperties) = preSolution
		HideSolutionNode = FALSE
	EndGlobalSection
	GlobalSection(ExtensibilityGlobals) = postSolution
		SolutionGuid = {E73C982D-7458-4C59-AC13-51676FA39025}
	EndGlobalSection
EndGlobal
